{
    "_readme": [
        "This file locks the dependencies of your project to a known state",
        "Read more about it at https://getcomposer.org/doc/01-basic-usage.md#composer-lock-the-lock-file",
        "This file is @generated automatically"
    ],
    "content-hash": "dcd93f02e7b3bf55a2e3d81b85a7ad8a",
    "packages": [
        {
            "name": "drupal-composer/drupal-scaffold",
            "version": "2.2.0",
            "source": {
                "type": "git",
                "url": "https://github.com/drupal-composer/drupal-scaffold.git",
                "reference": "3ad465ac853c2e52e6a808f5529859917662c256"
            },
            "dist": {
                "type": "zip",
                "url": "https://api.github.com/repos/drupal-composer/drupal-scaffold/zipball/3ad465ac853c2e52e6a808f5529859917662c256",
                "reference": "3ad465ac853c2e52e6a808f5529859917662c256",
                "shasum": ""
            },
            "require": {
                "composer-plugin-api": "^1.0.0",
                "php": ">=5.4.5"
            },
            "require-dev": {
                "composer/composer": "dev-master",
                "phpunit/phpunit": "^4.4.0"
            },
            "type": "composer-plugin",
            "extra": {
                "class": "DrupalComposer\\DrupalScaffold\\Plugin",
                "branch-alias": {
                    "dev-master": "2.0.x-dev"
                }
            },
            "autoload": {
                "psr-4": {
                    "DrupalComposer\\DrupalScaffold\\": "src/"
                }
            },
            "notification-url": "https://packagist.org/downloads/",
            "license": [
                "GPL-2.0+"
            ],
            "description": "Composer Plugin for updating the Drupal scaffold files when using drupal/core",
            "time": "2016-11-05T10:46:44+00:00"
        }
    ],
    "packages-dev": [],
    "aliases": [],
    "minimum-stability": "stable",
    "stability-flags": [],
    "prefer-stable": false,
    "prefer-lowest": false,
    "platform": {
        "php": ">=5.4.5"
    },
    "platform-dev": []
}
